// !$*UTF8*$!
{
	archiveVersion = 1;
	classes = {
	};
	objectVersion = 48;
	objects = {

/* Begin PBXBuildFile section */
		D9C2AD3F22266F32008A1100 /* AppDelegate.m in Sources */ = {isa = PBXBuildFile; fileRef = D9C2AD3E22266F32008A1100 /* AppDelegate.m */; };
		D9C2AD4222266F32008A1100 /* ViewController.m in Sources */ = {isa = PBXBuildFile; fileRef = D9C2AD4122266F32008A1100 /* ViewController.m */; };
		D9C2AD4522266F32008A1100 /* Main.storyboard in Resources */ = {isa = PBXBuildFile; fileRef = D9C2AD4322266F32008A1100 /* Main.storyboard */; };
		D9C2AD4722266F32008A1100 /* Assets.xcassets in Resources */ = {isa = PBXBuildFile; fileRef = D9C2AD4622266F32008A1100 /* Assets.xcassets */; };
		D9C2AD4A22266F32008A1100 /* LaunchScreen.storyboard in Resources */ = {isa = PBXBuildFile; fileRef = D9C2AD4822266F32008A1100 /* LaunchScreen.storyboard */; };
		D9C2AD4D22266F32008A1100 /* main.m in Sources */ = {isa = PBXBuildFile; fileRef = D9C2AD4C22266F32008A1100 /* main.m */; };
/* End PBXBuildFile section */

/* Begin PBXFileReference section */
		D9C2AD3A22266F32008A1100 /* ChangeEnvironmentDemo.app */ = {isa = PBXFileReference; explicitFileType = wrapper.application; includeInIndex = 0; path = ChangeEnvironmentDemo.app; sourceTree = BUILT_PRODUCTS_DIR; };
		D9C2AD3D22266F32008A1100 /* AppDelegate.h */ = {isa = PBXFileReference; lastKnownFileType = sourcecode.c.h; path = AppDelegate.h; sourceTree = "<group>"; };
		D9C2AD3E22266F32008A1100 /* AppDelegate.m */ = {isa = PBXFileReference; lastKnownFileType = sourcecode.c.objc; path = AppDelegate.m; sourceTree = "<group>"; };
		D9C2AD4022266F32008A1100 /* ViewController.h */ = {isa = PBXFileReference; lastKnownFileType = sourcecode.c.h; path = ViewController.h; sourceTree = "<group>"; };
		D9C2AD4122266F32008A1100 /* ViewController.m */ = {isa = PBXFileReference; lastKnownFileType = sourcecode.c.objc; path = ViewController.m; sourceTree = "<group>"; };
		D9C2AD4422266F32008A1100 /* Base */ = {isa = PBXFileReference; lastKnownFileType = file.storyboard; name = Base; path = Base.lproj/Main.storyboard; sourceTree = "<group>"; };
		D9C2AD4622266F32008A1100 /* Assets.xcassets */ = {isa = PBXFileReference; lastKnownFileType = folder.assetcatalog; path = Assets.xcassets; sourceTree = "<group>"; };
		D9C2AD4922266F32008A1100 /* Base */ = {isa = PBXFileReference; lastKnownFileType = file.storyboard; name = Base; path = Base.lproj/LaunchScreen.storyboard; sourceTree = "<group>"; };
		D9C2AD4B22266F32008A1100 /* Info.plist */ = {isa = PBXFileReference; lastKnownFileType = text.plist.xml; path = Info.plist; sourceTree = "<group>"; };
		D9C2AD4C22266F32008A1100 /* main.m */ = {isa = PBXFileReference; lastKnownFileType = sourcecode.c.objc; path = main.m; sourceTree = "<group>"; };
		D9C2AD5322266F96008A1100 /* PrefixHeader.pch */ = {isa = PBXFileReference; lastKnownFileType = sourcecode.c.h; path = PrefixHeader.pch; sourceTree = "<group>"; };
/* End PBXFileReference section */

/* Begin PBXFrameworksBuildPhase section */
		D9C2AD3722266F32008A1100 /* Frameworks */ = {
			isa = PBXFrameworksBuildPhase;
			buildActionMask = 2147483647;
			files = (
			);
			runOnlyForDeploymentPostprocessing = 0;
		};
/* End PBXFrameworksBuildPhase section */

/* Begin PBXGroup section */
		D9C2AD3122266F32008A1100 = {
			isa = PBXGroup;
			children = (
				D9C2AD3C22266F32008A1100 /* ChangeEnvironmentDemo */,
				D9C2AD3B22266F32008A1100 /* Products */,
			);
			sourceTree = "<group>";
		};
		D9C2AD3B22266F32008A1100 /* Products */ = {
			isa = PBXGroup;
			children = (
				D9C2AD3A22266F32008A1100 /* ChangeEnvironmentDemo.app */,
			);
			name = Products;
			sourceTree = "<group>";
		};
		D9C2AD3C22266F32008A1100 /* ChangeEnvironmentDemo */ = {
			isa = PBXGroup;
			children = (
				D9C2AD3D22266F32008A1100 /* AppDelegate.h */,
				D9C2AD3E22266F32008A1100 /* AppDelegate.m */,
				D9C2AD4022266F32008A1100 /* ViewController.h */,
				D9C2AD4122266F32008A1100 /* ViewController.m */,
				D9C2AD4322266F32008A1100 /* Main.storyboard */,
				D9C2AD4622266F32008A1100 /* Assets.xcassets */,
				D9C2AD4822266F32008A1100 /* LaunchScreen.storyboard */,
				D9C2AD4B22266F32008A1100 /* Info.plist */,
				D9C2AD4C22266F32008A1100 /* main.m */,
				D9C2AD5322266F96008A1100 /* PrefixHeader.pch */,
			);
			path = ChangeEnvironmentDemo;
			sourceTree = "<group>";
		};
/* End PBXGroup section */

/* Begin PBXNativeTarget section */
		D9C2AD3922266F32008A1100 /* ChangeEnvironmentDemo */ = {
			isa = PBXNativeTarget;
			buildConfigurationList = D9C2AD5022266F32008A1100 /* Build configuration list for PBXNativeTarget "ChangeEnvironmentDemo" */;
			buildPhases = (
				D9C2AD3622266F32008A1100 /* Sources */,
				D9C2AD3722266F32008A1100 /* Frameworks */,
				D9C2AD3822266F32008A1100 /* Resources */,
			);
			buildRules = (
			);
			dependencies = (
			);
			name = ChangeEnvironmentDemo;
			productName = ChangeEnvironmentDemo;
			productReference = D9C2AD3A22266F32008A1100 /* ChangeEnvironmentDemo.app */;
			productType = "com.apple.product-type.application";
		};
/* End PBXNativeTarget section */

/* Begin PBXProject section */
		D9C2AD3222266F32008A1100 /* Project object */ = {
			isa = PBXProject;
			attributes = {
				LastUpgradeCheck = 0920;
				ORGANIZATIONNAME = yyj;
				TargetAttributes = {
					D9C2AD3922266F32008A1100 = {
						CreatedOnToolsVersion = 9.2;
						ProvisioningStyle = Automatic;
					};
				};
			};
			buildConfigurationList = D9C2AD3522266F32008A1100 /* Build configuration list for PBXProject "ChangeEnvironmentDemo" */;
			compatibilityVersion = "Xcode 8.0";
			developmentRegion = en;
			hasScannedForEncodings = 0;
			knownRegions = (
				en,
				Base,
			);
			mainGroup = D9C2AD3122266F32008A1100;
			productRefGroup = D9C2AD3B22266F32008A1100 /* Products */;
			projectDirPath = "";
			projectRoot = "";
			targets = (
				D9C2AD3922266F32008A1100 /* ChangeEnvironmentDemo */,
			);
		};
/* End PBXProject section */

/* Begin PBXResourcesBuildPhase section */
		D9C2AD3822266F32008A1100 /* Resources */ = {
			isa = PBXResourcesBuildPhase;
			buildActionMask = 2147483647;
			files = (
				D9C2AD4A22266F32008A1100 /* LaunchScreen.storyboard in Resources */,
				D9C2AD4722266F32008A1100 /* Assets.xcassets in Resources */,
				D9C2AD4522266F32008A1100 /* Main.storyboard in Resources */,
			);
			runOnlyForDeploymentPostprocessing = 0;
		};
/* End PBXResourcesBuildPhase section */

/* Begin PBXSourcesBuildPhase section */
		D9C2AD3622266F32008A1100 /* Sources */ = {
			isa = PBXSourcesBuildPhase;
			buildActionMask = 2147483647;
			files = (
				D9C2AD4222266F32008A1100 /* ViewController.m in Sources */,
				D9C2AD4D22266F32008A1100 /* main.m in Sources */,
				D9C2AD3F22266F32008A1100 /* AppDelegate.m in Sources */,
			);
			runOnlyForDeploymentPostprocessing = 0;
		};
/* End PBXSourcesBuildPhase section */

/* Begin PBXVariantGroup section */
		D9C2AD4322266F32008A1100 /* Main.storyboard */ = {
			isa = PBXVariantGroup;
			children = (
				D9C2AD4422266F32008A1100 /* Base */,
			);
			name = Main.storyboard;
			sourceTree = "<group>";
		};
		D9C2AD4822266F32008A1100 /* LaunchScreen.storyboard */ = {
			isa = PBXVariantGroup;
			children = (
				D9C2AD4922266F32008A1100 /* Base */,
			);
			name = LaunchScreen.storyboard;
			sourceTree = "<group>";
		};
/* End PBXVariantGroup section */

/* Begin XCBuildConfiguration section */
		D9C2AD4E22266F32008A1100 /* Debug */ = {
			isa = XCBuildConfiguration;
			buildSettings = {
				ALWAYS_SEARCH_USER_PATHS = NO;
				CLANG_ANALYZER_NONNULL = YES;
				CLANG_ANALYZER_NUMBER_OBJECT_CONVERSION = YES_AGGRESSIVE;
				CLANG_CXX_LANGUAGE_STANDARD = "gnu++14";
				CLANG_CXX_LIBRARY = "libc++";
				CLANG_ENABLE_MODULES = YES;
				CLANG_ENABLE_OBJC_ARC = YES;
				CLANG_WARN_BLOCK_CAPTURE_AUTORELEASING = YES;
				CLANG_WARN_BOOL_CONVERSION = YES;
				CLANG_WARN_COMMA = YES;
				CLANG_WARN_CONSTANT_CONVERSION = YES;
				CLANG_WARN_DIRECT_OBJC_ISA_USAGE = YES_ERROR;
				CLANG_WARN_DOCUMENTATION_COMMENTS = YES;
				CLANG_WARN_EMPTY_BODY = YES;
				CLANG_WARN_ENUM_CONVERSION = YES;
				CLANG_WARN_INFINITE_RECURSION = YES;
				CLANG_WARN_INT_CONVERSION = YES;
				CLANG_WARN_NON_LITERAL_NULL_CONVERSION = YES;
				CLANG_WARN_OBJC_LITERAL_CONVERSION = YES;
				CLANG_WARN_OBJC_ROOT_CLASS = YES_ERROR;
				CLANG_WARN_RANGE_LOOP_ANALYSIS = YES;
				CLANG_WARN_STRICT_PROTOTYPES = YES;
				CLANG_WARN_SUSPICIOUS_MOVE = YES;
				CLANG_WARN_UNGUARDED_AVAILABILITY = YES_AGGRESSIVE;
				CLANG_WARN_UNREACHABLE_CODE = YES;
				CLANG_WARN__DUPLICATE_METHOD_MATCH = YES;
				CODE_SIGN_IDENTITY = "iPhone Developer";
				COPY_PHASE_STRIP = NO;
				DEBUG_INFORMATION_FORMAT = dwarf;
				ENABLE_STRICT_OBJC_MSGSEND = YES;
				ENABLE_TESTABILITY = YES;
				GCC_C_LANGUAGE_STANDARD = gnu11;
				GCC_DYNAMIC_NO_PIC = NO;
				GCC_NO_COMMON_BLOCKS = YES;
				GCC_OPTIMIZATION_LEVEL = 0;
				GCC_PREPROCESSOR_DEFINITIONS = (
					"DEBUG=1",
					"$(inherited)",
				);
				GCC_WARN_64_TO_32_BIT_CONVERSION = YES;
				GCC_WARN_ABOUT_RETURN_TYPE = YES_ERROR;
				GCC_WARN_UNDECLARED_SELECTOR = YES;
				GCC_WARN_UNINITIALIZED_AUTOS = YES_AGGRESSIVE;
				GCC_WARN_UNUSED_FUNCTION = YES;
				GCC_WARN_UNUSED_VARIABLE = YES;
				IPHONEOS_DEPLOYMENT_TARGET = 11.2;
				MTL_ENABLE_DEBUG_INFO = YES;
				ONLY_ACTIVE_ARCH = YES;
				SDKROOT = iphoneos;
			};
			name = Debug;
		};
		D9C2AD4F22266F32008A1100 /* Release */ = {
			isa = XCBuildConfiguration;
			buildSettings = {
				ALWAYS_SEARCH_USER_PATHS = NO;
				CLANG_ANALYZER_NONNULL = YES;
				CLANG_ANALYZER_NUMBER_OBJECT_CONVERSION = YES_AGGRESSIVE;
				CLANG_CXX_LANGUAGE_STANDARD = "gnu++14";
				CLANG_CXX_LIBRARY = "libc++";
				CLANG_ENABLE_MODULES = YES;
				CLANG_ENABLE_OBJC_ARC = YES;
				CLANG_WARN_BLOCK_CAPTURE_AUTORELEASING = YES;
				CLANG_WARN_BOOL_CONVERSION = YES;
				CLANG_WARN_COMMA = YES;
				CLANG_WARN_CONSTANT_CONVERSION = YES;
				CLANG_WARN_DIRECT_OBJC_ISA_USAGE = YES_ERROR;
				CLANG_WARN_DOCUMENTATION_COMMENTS = YES;
				CLANG_WARN_EMPTY_BODY = YES;
				CLANG_WARN_ENUM_CONVERSION = YES;
				CLANG_WARN_INFINITE_RECURSION = YES;
				CLANG_WARN_INT_CONVERSION = YES;
				CLANG_WARN_NON_LITERAL_NULL_CONVERSION = YES;
				CLANG_WARN_OBJC_LITERAL_CONVERSION = YES;
				CLANG_WARN_OBJC_ROOT_CLASS = YES_ERROR;
				CLANG_WARN_RANGE_LOOP_ANALYSIS = YES;
				CLANG_WARN_STRICT_PROTOTYPES = YES;
				CLANG_WARN_SUSPICIOUS_MOVE = YES;
				CLANG_WARN_UNGUARDED_AVAILABILITY = YES_AGGRESSIVE;
				CLANG_WARN_UNREACHABLE_CODE = YES;
				CLANG_WARN__DUPLICATE_METHOD_MATCH = YES;
				CODE_SIGN_IDENTITY = "iPhone Developer";
				COPY_PHASE_STRIP = NO;
				DEBUG_INFORMATION_FORMAT = "dwarf-with-dsym";
				ENABLE_NS_ASSERTIONS = NO;
				ENABLE_STRICT_OBJC_MSGSEND = YES;
				GCC_C_LANGUAGE_STANDARD = gnu11;
				GCC_NO_COMMON_BLOCKS = YES;
				GCC_WARN_64_TO_32_BIT_CONVERSION = YES;
				GCC_WARN_ABOUT_RETURN_TYPE = YES_ERROR;
				GCC_WARN_UNDECLARED_SELECTOR = YES;
				GCC_WARN_UNINITIALIZED_AUTOS = YES_AGGRESSIVE;
				GCC_WARN_UNUSED_FUNCTION = YES;
				GCC_WARN_UNUSED_VARIABLE = YES;
				IPHONEOS_DEPLOYMENT_TARGET = 11.2;
				MTL_ENABLE_DEBUG_INFO = NO;
				SDKROOT = iphoneos;
				VALIDATE_PRODUCT = YES;
			};
			name = Release;
		};
		D9C2AD5122266F32008A1100 /* Debug */ = {
			isa = XCBuildConfiguration;
			buildSettings = {
				ASSETCATALOG_COMPILER_APPICON_NAME = AppIcon;
				CODE_SIGN_STYLE = Automatic;
				DEVELOPMENT_TEAM = X2VP8M6UBN;
				GCC_PRECOMPILE_PREFIX_HEADER = YES;
				GCC_PREFIX_HEADER = "$(SRCROOT)/$(PRODUCT_NAME)/PrefixHeader.pch";
				INFOPLIST_FILE = ChangeEnvironmentDemo/Info.plist;
				LD_RUNPATH_SEARCH_PATHS = "$(inherited) @executable_path/Frameworks";
				PRODUCT_BUNDLE_IDENTIFIER = yyjid.ChangeEnvironmentDemo;
				PRODUCT_NAME = "$(TARGET_NAME)";
				TARGETED_DEVICE_FAMILY = "1,2";
			};
			name = Debug;
		};
		D9C2AD5222266F32008A1100 /* Release */ = {
			isa = XCBuildConfiguration;
			buildSettings = {
				ASSETCATALOG_COMPILER_APPICON_NAME = AppIcon;
				CODE_SIGN_STYLE = Automatic;
				DEVELOPMENT_TEAM = X2VP8M6UBN;
				GCC_PRECOMPILE_PREFIX_HEADER = YES;
				GCC_PREFIX_HEADER = "$(SRCROOT)/$(PRODUCT_NAME)/PrefixHeader.pch";
				INFOPLIST_FILE = ChangeEnvironmentDemo/Info.plist;
				LD_RUNPATH_SEARCH_PATHS = "$(inherited) @executable_path/Frameworks";
				PRODUCT_BUNDLE_IDENTIFIER = yyjid.ChangeEnvironmentDemo;
				PRODUCT_NAME = "$(TARGET_NAME)";
				TARGETED_DEVICE_FAMILY = "1,2";
			};
			name = Release;
		};
/* End XCBuildConfiguration section */

/* Begin XCConfigurationList section */
		D9C2AD3522266F32008A1100 /* Build configuration list for PBXProject "ChangeEnvironmentDemo" */ = {
			isa = XCConfigurationList;
			buildConfigurations = (
				D9C2AD4E22266F32008A1100 /* Debug */,
				D9C2AD4F22266F32008A1100 /* Release */,
			);
			defaultConfigurationIsVisible = 0;
			defaultConfigurationName = Release;
		};
		D9C2AD5022266F32008A1100 /* Build configuration list for PBXNativeTarget "ChangeEnvironmentDemo" */ = {
			isa = XCConfigurationList;
			buildConfigurations = (
				D9C2AD5122266F32008A1100 /* Debug */,
				D9C2AD5222266F32008A1100 /* Release */,
			);
			defaultConfigurationIsVisible = 0;
			defaultConfigurationName = Release;
		};
/* End XCConfigurationList section */
	};
	rootObject = D9C2AD3222266F32008A1100 /* Project object */;
}
